<?xml version="1.0" encoding="UTF-8" standalone="yes" ?>
<CodeBlocks_project_file>
	<FileVersion major="1" minor="6" />
	<Project>
		<Option title="Vox" />
		<Option pch_mode="2" />
		<Option compiler="gcc" />
		<Build>
			<Target title="Debug">
				<Option output="../../Vox" prefix_auto="1" extension_auto="1" />
				<Option working_dir="../../" />
				<Option object_output="obj/Debug/" />
				<Option type="1" />
				<Option compiler="gcc" />
				<Compiler>
					<Add option="-g" />
					<Add directory="../../source" />
					<Add directory="../../source/glfw/include" />
					<Add directory="../../source/glew/include" />
					<Add directory="../../source/freetype/include" />
					<Add directory="../../source/lua" />
					<Add directory="../../source/selene" />
				</Compiler>
				<Linker>
					<Add library="GL" />
					<Add library="GLU" />
					<Add library="../../source/glfw/libs/linux/r/libglfw3_64.a" />
					<Add library="../../source/freetype/libs/linux/libfreetype261_64.a" />
					<Add library="X11" />
					<Add library="Xrandr" />
					<Add library="Xi" />
					<Add library="Xxf86vm" />
					<Add library="Xcursor" />
					<Add library="Xinerama" />
					<Add library="pthread" />
					<Add library="dl" />
				</Linker>
			</Target>
			<Target title="Release">
				<Option output="../../Vox" prefix_auto="1" extension_auto="1" />
				<Option working_dir="../../" />
				<Option object_output="obj/Release/" />
				<Option type="1" />
				<Option compiler="gcc" />
				<Compiler>
					<Add option="-O2" />
				</Compiler>
				<Linker>
					<Add option="-s" />
					<Add library="GL" />
					<Add library="GLU" />
					<Add library="../../source/glfw/libs/linux/r/libglfw3_64.a" />
					<Add library="../../source/freetype/libs/linux/libfreetype261_64.a" />
					<Add library="X11" />
					<Add library="Xrandr" />
					<Add library="Xi" />
					<Add library="Xxf86vm" />
					<Add library="Xcursor" />
					<Add library="Xinerama" />
					<Add library="pthread" />
					<Add library="dl" />
				</Linker>
			</Target>
		</Build>
		<Compiler>
			<Add option="-Wall" />
			<Add option="-fexceptions" />
		</Compiler>
		<Unit filename="../../source/Lighting/DynamicLight.cpp" />
		<Unit filename="../../source/Lighting/DynamicLight.h" />
		<Unit filename="../../source/Lighting/LightingManager.cpp" />
		<Unit filename="../../source/Lighting/LightingManager.h" />
		<Unit filename="../../source/Maths/3dGeometry.h" />
		<Unit filename="../../source/Maths/3dmaths.cpp" />
		<Unit filename="../../source/Maths/3dmaths.h" />
		<Unit filename="../../source/Maths/Bezier3.cpp" />
		<Unit filename="../../source/Maths/Bezier4.cpp" />
		<Unit filename="../../source/Maths/Line3D.cpp" />
		<Unit filename="../../source/Maths/Plane3D.cpp" />
		<Unit filename="../../source/Maths/matrix4x4.cpp" />
		<Unit filename="../../source/Particles/BlockParticle.cpp" />
		<Unit filename="../../source/Particles/BlockParticle.h" />
		<Unit filename="../../source/Particles/BlockParticleEffect.cpp" />
		<Unit filename="../../source/Particles/BlockParticleEffect.h" />
		<Unit filename="../../source/Particles/BlockParticleEmitter.cpp" />
		<Unit filename="../../source/Particles/BlockParticleEmitter.h" />
		<Unit filename="../../source/Particles/BlockParticleManager.cpp" />
		<Unit filename="../../source/Particles/BlockParticleManager.h" />
		<Unit filename="../../source/Player/Player.cpp" />
		<Unit filename="../../source/Player/Player.h" />
		<Unit filename="../../source/Renderer/Renderer.cpp" />
		<Unit filename="../../source/Renderer/Renderer.h" />
		<Unit filename="../../source/Renderer/camera.cpp" />
		<Unit filename="../../source/Renderer/camera.h" />
		<Unit filename="../../source/Renderer/colour.cpp" />
		<Unit filename="../../source/Renderer/colour.h" />
		<Unit filename="../../source/Renderer/framebuffer.h" />
		<Unit filename="../../source/Renderer/frustum.cpp" />
		<Unit filename="../../source/Renderer/frustum.h" />
		<Unit filename="../../source/Renderer/glsl.cpp" />
		<Unit filename="../../source/Renderer/glsl.h" />
		<Unit filename="../../source/Renderer/light.h" />
		<Unit filename="../../source/Renderer/material.h" />
		<Unit filename="../../source/Renderer/mesh.cpp" />
		<Unit filename="../../source/Renderer/mesh.h" />
		<Unit filename="../../source/Renderer/texture.cpp" />
		<Unit filename="../../source/Renderer/texture.h" />
		<Unit filename="../../source/Renderer/tga.cpp" />
		<Unit filename="../../source/Renderer/tga.h" />
		<Unit filename="../../source/Renderer/vertexarray.h" />
		<Unit filename="../../source/Renderer/viewport.h" />
		<Unit filename="../../source/VoxApplication.cpp" />
		<Unit filename="../../source/VoxApplication.h" />
		<Unit filename="../../source/VoxCamera.cpp" />
		<Unit filename="../../source/VoxControls.cpp" />
		<Unit filename="../../source/VoxGUI.cpp" />
		<Unit filename="../../source/VoxGame.cpp" />
		<Unit filename="../../source/VoxGame.h" />
		<Unit filename="../../source/VoxInput.cpp" />
		<Unit filename="../../source/VoxRender.cpp" />
		<Unit filename="../../source/VoxUpdate.cpp" />
		<Unit filename="../../source/VoxWindow.cpp" />
		<Unit filename="../../source/VoxWindow.h" />
		<Unit filename="../../source/blocks/Chunk.cpp" />
		<Unit filename="../../source/blocks/Chunk.h" />
		<Unit filename="../../source/blocks/ChunkManager.cpp" />
		<Unit filename="../../source/blocks/ChunkManager.h" />
		<Unit filename="../../source/freetype/freetypefont.cpp" />
		<Unit filename="../../source/freetype/freetypefont.h" />
		<Unit filename="../../source/freetype/include/freetype/config/ftconfig.h" />
		<Unit filename="../../source/freetype/include/freetype/config/ftheader.h" />
		<Unit filename="../../source/freetype/include/freetype/config/ftmodule.h" />
		<Unit filename="../../source/freetype/include/freetype/config/ftoption.h" />
		<Unit filename="../../source/freetype/include/freetype/config/ftstdlib.h" />
		<Unit filename="../../source/freetype/include/freetype/freetype.h" />
		<Unit filename="../../source/freetype/include/freetype/ftbbox.h" />
		<Unit filename="../../source/freetype/include/freetype/ftbdf.h" />
		<Unit filename="../../source/freetype/include/freetype/ftbitmap.h" />
		<Unit filename="../../source/freetype/include/freetype/ftcache.h" />
		<Unit filename="../../source/freetype/include/freetype/ftchapters.h" />
		<Unit filename="../../source/freetype/include/freetype/ftcid.h" />
		<Unit filename="../../source/freetype/include/freetype/fterrdef.h" />
		<Unit filename="../../source/freetype/include/freetype/fterrors.h" />
		<Unit filename="../../source/freetype/include/freetype/ftgasp.h" />
		<Unit filename="../../source/freetype/include/freetype/ftglyph.h" />
		<Unit filename="../../source/freetype/include/freetype/ftgxval.h" />
		<Unit filename="../../source/freetype/include/freetype/ftgzip.h" />
		<Unit filename="../../source/freetype/include/freetype/ftimage.h" />
		<Unit filename="../../source/freetype/include/freetype/ftincrem.h" />
		<Unit filename="../../source/freetype/include/freetype/ftlcdfil.h" />
		<Unit filename="../../source/freetype/include/freetype/ftlist.h" />
		<Unit filename="../../source/freetype/include/freetype/ftlzw.h" />
		<Unit filename="../../source/freetype/include/freetype/ftmac.h" />
		<Unit filename="../../source/freetype/include/freetype/ftmm.h" />
		<Unit filename="../../source/freetype/include/freetype/ftmodapi.h" />
		<Unit filename="../../source/freetype/include/freetype/ftmoderr.h" />
		<Unit filename="../../source/freetype/include/freetype/ftotval.h" />
		<Unit filename="../../source/freetype/include/freetype/ftoutln.h" />
		<Unit filename="../../source/freetype/include/freetype/ftpfr.h" />
		<Unit filename="../../source/freetype/include/freetype/ftrender.h" />
		<Unit filename="../../source/freetype/include/freetype/ftsizes.h" />
		<Unit filename="../../source/freetype/include/freetype/ftsnames.h" />
		<Unit filename="../../source/freetype/include/freetype/ftstroke.h" />
		<Unit filename="../../source/freetype/include/freetype/ftsynth.h" />
		<Unit filename="../../source/freetype/include/freetype/ftsystem.h" />
		<Unit filename="../../source/freetype/include/freetype/fttrigon.h" />
		<Unit filename="../../source/freetype/include/freetype/fttypes.h" />
		<Unit filename="../../source/freetype/include/freetype/ftwinfnt.h" />
		<Unit filename="../../source/freetype/include/freetype/ftxf86.h" />
		<Unit filename="../../source/freetype/include/freetype/internal/autohint.h" />
		<Unit filename="../../source/freetype/include/freetype/internal/ftcalc.h" />
		<Unit filename="../../source/freetype/include/freetype/internal/ftdebug.h" />
		<Unit filename="../../source/freetype/include/freetype/internal/ftdriver.h" />
		<Unit filename="../../source/freetype/include/freetype/internal/ftgloadr.h" />
		<Unit filename="../../source/freetype/include/freetype/internal/ftmemory.h" />
		<Unit filename="../../source/freetype/include/freetype/internal/ftobjs.h" />
		<Unit filename="../../source/freetype/include/freetype/internal/ftrfork.h" />
		<Unit filename="../../source/freetype/include/freetype/internal/ftserv.h" />
		<Unit filename="../../source/freetype/include/freetype/internal/ftstream.h" />
		<Unit filename="../../source/freetype/include/freetype/internal/fttrace.h" />
		<Unit filename="../../source/freetype/include/freetype/internal/ftvalid.h" />
		<Unit filename="../../source/freetype/include/freetype/internal/internal.h" />
		<Unit filename="../../source/freetype/include/freetype/internal/pcftypes.h" />
		<Unit filename="../../source/freetype/include/freetype/internal/psaux.h" />
		<Unit filename="../../source/freetype/include/freetype/internal/pshints.h" />
		<Unit filename="../../source/freetype/include/freetype/internal/services/svbdf.h" />
		<Unit filename="../../source/freetype/include/freetype/internal/services/svcid.h" />
		<Unit filename="../../source/freetype/include/freetype/internal/services/svgldict.h" />
		<Unit filename="../../source/freetype/include/freetype/internal/services/svgxval.h" />
		<Unit filename="../../source/freetype/include/freetype/internal/services/svkern.h" />
		<Unit filename="../../source/freetype/include/freetype/internal/services/svmm.h" />
		<Unit filename="../../source/freetype/include/freetype/internal/services/svotval.h" />
		<Unit filename="../../source/freetype/include/freetype/internal/services/svpfr.h" />
		<Unit filename="../../source/freetype/include/freetype/internal/services/svpostnm.h" />
		<Unit filename="../../source/freetype/include/freetype/internal/services/svpscmap.h" />
		<Unit filename="../../source/freetype/include/freetype/internal/services/svpsinfo.h" />
		<Unit filename="../../source/freetype/include/freetype/internal/services/svsfnt.h" />
		<Unit filename="../../source/freetype/include/freetype/internal/services/svttcmap.h" />
		<Unit filename="../../source/freetype/include/freetype/internal/services/svtteng.h" />
		<Unit filename="../../source/freetype/include/freetype/internal/services/svttglyf.h" />
		<Unit filename="../../source/freetype/include/freetype/internal/services/svwinfnt.h" />
		<Unit filename="../../source/freetype/include/freetype/internal/services/svxf86nm.h" />
		<Unit filename="../../source/freetype/include/freetype/internal/sfnt.h" />
		<Unit filename="../../source/freetype/include/freetype/internal/t1types.h" />
		<Unit filename="../../source/freetype/include/freetype/internal/tttypes.h" />
		<Unit filename="../../source/freetype/include/freetype/t1tables.h" />
		<Unit filename="../../source/freetype/include/freetype/ttnameid.h" />
		<Unit filename="../../source/freetype/include/freetype/tttables.h" />
		<Unit filename="../../source/freetype/include/freetype/tttags.h" />
		<Unit filename="../../source/freetype/include/freetype/ttunpat.h" />
		<Unit filename="../../source/freetype/include/ft2build.h" />
		<Unit filename="../../source/frontend/FrontendManager.cpp" />
		<Unit filename="../../source/frontend/FrontendManager.h" />
		<Unit filename="../../source/glew/include/GL/glew.h" />
		<Unit filename="../../source/glew/include/GL/glxew.h" />
		<Unit filename="../../source/glew/include/GL/wglew.h" />
		<Unit filename="../../source/glew/src/glew.c">
			<Option compilerVar="CC" />
		</Unit>
		<Unit filename="../../source/glfw/include/GLFW/glfw3.h" />
		<Unit filename="../../source/glfw/include/GLFW/glfw3native.h" />
		<Unit filename="../../source/glm/common.hpp" />
		<Unit filename="../../source/glm/detail/_features.hpp" />
		<Unit filename="../../source/glm/detail/_fixes.hpp" />
		<Unit filename="../../source/glm/detail/_noise.hpp" />
		<Unit filename="../../source/glm/detail/_swizzle.hpp" />
		<Unit filename="../../source/glm/detail/_swizzle_func.hpp" />
		<Unit filename="../../source/glm/detail/_vectorize.hpp" />
		<Unit filename="../../source/glm/detail/dummy.cpp" />
		<Unit filename="../../source/glm/detail/func_common.hpp" />
		<Unit filename="../../source/glm/detail/func_exponential.hpp" />
		<Unit filename="../../source/glm/detail/func_geometric.hpp" />
		<Unit filename="../../source/glm/detail/func_integer.hpp" />
		<Unit filename="../../source/glm/detail/func_matrix.hpp" />
		<Unit filename="../../source/glm/detail/func_packing.hpp" />
		<Unit filename="../../source/glm/detail/func_trigonometric.hpp" />
		<Unit filename="../../source/glm/detail/func_vector_relational.hpp" />
		<Unit filename="../../source/glm/detail/glm.cpp" />
		<Unit filename="../../source/glm/detail/intrinsic_common.hpp" />
		<Unit filename="../../source/glm/detail/intrinsic_exponential.hpp" />
		<Unit filename="../../source/glm/detail/intrinsic_geometric.hpp" />
		<Unit filename="../../source/glm/detail/intrinsic_integer.hpp" />
		<Unit filename="../../source/glm/detail/intrinsic_matrix.hpp" />
		<Unit filename="../../source/glm/detail/intrinsic_trigonometric.hpp" />
		<Unit filename="../../source/glm/detail/intrinsic_vector_relational.hpp" />
		<Unit filename="../../source/glm/detail/precision.hpp" />
		<Unit filename="../../source/glm/detail/setup.hpp" />
		<Unit filename="../../source/glm/detail/type_float.hpp" />
		<Unit filename="../../source/glm/detail/type_gentype.hpp" />
		<Unit filename="../../source/glm/detail/type_half.hpp" />
		<Unit filename="../../source/glm/detail/type_int.hpp" />
		<Unit filename="../../source/glm/detail/type_mat.hpp" />
		<Unit filename="../../source/glm/detail/type_mat2x2.hpp" />
		<Unit filename="../../source/glm/detail/type_mat2x3.hpp" />
		<Unit filename="../../source/glm/detail/type_mat2x4.hpp" />
		<Unit filename="../../source/glm/detail/type_mat3x2.hpp" />
		<Unit filename="../../source/glm/detail/type_mat3x3.hpp" />
		<Unit filename="../../source/glm/detail/type_mat3x4.hpp" />
		<Unit filename="../../source/glm/detail/type_mat4x2.hpp" />
		<Unit filename="../../source/glm/detail/type_mat4x3.hpp" />
		<Unit filename="../../source/glm/detail/type_mat4x4.hpp" />
		<Unit filename="../../source/glm/detail/type_vec.hpp" />
		<Unit filename="../../source/glm/detail/type_vec1.hpp" />
		<Unit filename="../../source/glm/detail/type_vec2.hpp" />
		<Unit filename="../../source/glm/detail/type_vec3.hpp" />
		<Unit filename="../../source/glm/detail/type_vec4.hpp" />
		<Unit filename="../../source/glm/exponential.hpp" />
		<Unit filename="../../source/glm/ext.hpp" />
		<Unit filename="../../source/glm/fwd.hpp" />
		<Unit filename="../../source/glm/geometric.hpp" />
		<Unit filename="../../source/glm/glm.hpp" />
		<Unit filename="../../source/glm/gtc/bitfield.hpp" />
		<Unit filename="../../source/glm/gtc/color_space.hpp" />
		<Unit filename="../../source/glm/gtc/constants.hpp" />
		<Unit filename="../../source/glm/gtc/epsilon.hpp" />
		<Unit filename="../../source/glm/gtc/integer.hpp" />
		<Unit filename="../../source/glm/gtc/matrix_access.hpp" />
		<Unit filename="../../source/glm/gtc/matrix_integer.hpp" />
		<Unit filename="../../source/glm/gtc/matrix_inverse.hpp" />
		<Unit filename="../../source/glm/gtc/matrix_transform.hpp" />
		<Unit filename="../../source/glm/gtc/noise.hpp" />
		<Unit filename="../../source/glm/gtc/packing.hpp" />
		<Unit filename="../../source/glm/gtc/quaternion.hpp" />
		<Unit filename="../../source/glm/gtc/random.hpp" />
		<Unit filename="../../source/glm/gtc/reciprocal.hpp" />
		<Unit filename="../../source/glm/gtc/round.hpp" />
		<Unit filename="../../source/glm/gtc/type_precision.hpp" />
		<Unit filename="../../source/glm/gtc/type_ptr.hpp" />
		<Unit filename="../../source/glm/gtc/ulp.hpp" />
		<Unit filename="../../source/glm/gtc/vec1.hpp" />
		<Unit filename="../../source/glm/gtx/associated_min_max.hpp" />
		<Unit filename="../../source/glm/gtx/bit.hpp" />
		<Unit filename="../../source/glm/gtx/closest_point.hpp" />
		<Unit filename="../../source/glm/gtx/color_space.hpp" />
		<Unit filename="../../source/glm/gtx/color_space_YCoCg.hpp" />
		<Unit filename="../../source/glm/gtx/common.hpp" />
		<Unit filename="../../source/glm/gtx/compatibility.hpp" />
		<Unit filename="../../source/glm/gtx/component_wise.hpp" />
		<Unit filename="../../source/glm/gtx/dual_quaternion.hpp" />
		<Unit filename="../../source/glm/gtx/euler_angles.hpp" />
		<Unit filename="../../source/glm/gtx/extend.hpp" />
		<Unit filename="../../source/glm/gtx/extended_min_max.hpp" />
		<Unit filename="../../source/glm/gtx/fast_exponential.hpp" />
		<Unit filename="../../source/glm/gtx/fast_square_root.hpp" />
		<Unit filename="../../source/glm/gtx/fast_trigonometry.hpp" />
		<Unit filename="../../source/glm/gtx/gradient_paint.hpp" />
		<Unit filename="../../source/glm/gtx/handed_coordinate_space.hpp" />
		<Unit filename="../../source/glm/gtx/hash.hpp" />
		<Unit filename="../../source/glm/gtx/integer.hpp" />
		<Unit filename="../../source/glm/gtx/intersect.hpp" />
		<Unit filename="../../source/glm/gtx/io.hpp" />
		<Unit filename="../../source/glm/gtx/log_base.hpp" />
		<Unit filename="../../source/glm/gtx/matrix_cross_product.hpp" />
		<Unit filename="../../source/glm/gtx/matrix_decompose.hpp" />
		<Unit filename="../../source/glm/gtx/matrix_interpolation.hpp" />
		<Unit filename="../../source/glm/gtx/matrix_major_storage.hpp" />
		<Unit filename="../../source/glm/gtx/matrix_operation.hpp" />
		<Unit filename="../../source/glm/gtx/matrix_query.hpp" />
		<Unit filename="../../source/glm/gtx/matrix_transform_2d.hpp" />
		<Unit filename="../../source/glm/gtx/mixed_product.hpp" />
		<Unit filename="../../source/glm/gtx/norm.hpp" />
		<Unit filename="../../source/glm/gtx/normal.hpp" />
		<Unit filename="../../source/glm/gtx/normalize_dot.hpp" />
		<Unit filename="../../source/glm/gtx/number_precision.hpp" />
		<Unit filename="../../source/glm/gtx/optimum_pow.hpp" />
		<Unit filename="../../source/glm/gtx/orthonormalize.hpp" />
		<Unit filename="../../source/glm/gtx/perpendicular.hpp" />
		<Unit filename="../../source/glm/gtx/polar_coordinates.hpp" />
		<Unit filename="../../source/glm/gtx/projection.hpp" />
		<Unit filename="../../source/glm/gtx/quaternion.hpp" />
		<Unit filename="../../source/glm/gtx/range.hpp" />
		<Unit filename="../../source/glm/gtx/raw_data.hpp" />
		<Unit filename="../../source/glm/gtx/rotate_normalized_axis.hpp" />
		<Unit filename="../../source/glm/gtx/rotate_vector.hpp" />
		<Unit filename="../../source/glm/gtx/scalar_multiplication.hpp" />
		<Unit filename="../../source/glm/gtx/scalar_relational.hpp" />
		<Unit filename="../../source/glm/gtx/simd_mat4.hpp" />
		<Unit filename="../../source/glm/gtx/simd_quat.hpp" />
		<Unit filename="../../source/glm/gtx/simd_vec4.hpp" />
		<Unit filename="../../source/glm/gtx/spline.hpp" />
		<Unit filename="../../source/glm/gtx/std_based_type.hpp" />
		<Unit filename="../../source/glm/gtx/string_cast.hpp" />
		<Unit filename="../../source/glm/gtx/transform.hpp" />
		<Unit filename="../../source/glm/gtx/transform2.hpp" />
		<Unit filename="../../source/glm/gtx/type_aligned.hpp" />
		<Unit filename="../../source/glm/gtx/vector_angle.hpp" />
		<Unit filename="../../source/glm/gtx/vector_query.hpp" />
		<Unit filename="../../source/glm/gtx/wrap.hpp" />
		<Unit filename="../../source/glm/integer.hpp" />
		<Unit filename="../../source/glm/mat2x2.hpp" />
		<Unit filename="../../source/glm/mat2x3.hpp" />
		<Unit filename="../../source/glm/mat2x4.hpp" />
		<Unit filename="../../source/glm/mat3x2.hpp" />
		<Unit filename="../../source/glm/mat3x3.hpp" />
		<Unit filename="../../source/glm/mat3x4.hpp" />
		<Unit filename="../../source/glm/mat4x2.hpp" />
		<Unit filename="../../source/glm/mat4x3.hpp" />
		<Unit filename="../../source/glm/mat4x4.hpp" />
		<Unit filename="../../source/glm/matrix.hpp" />
		<Unit filename="../../source/glm/packing.hpp" />
		<Unit filename="../../source/glm/trigonometric.hpp" />
		<Unit filename="../../source/glm/vec2.hpp" />
		<Unit filename="../../source/glm/vec3.hpp" />
		<Unit filename="../../source/glm/vec4.hpp" />
		<Unit filename="../../source/glm/vector_relational.hpp" />
		<Unit filename="../../source/gui/TreeView.cpp" />
		<Unit filename="../../source/gui/abstractbutton.cpp" />
		<Unit filename="../../source/gui/abstractbutton.h" />
		<Unit filename="../../source/gui/button.cpp" />
		<Unit filename="../../source/gui/button.h" />
		<Unit filename="../../source/gui/checkbox.cpp" />
		<Unit filename="../../source/gui/checkbox.h" />
		<Unit filename="../../source/gui/component.cpp" />
		<Unit filename="../../source/gui/component.h" />
		<Unit filename="../../source/gui/container.cpp" />
		<Unit filename="../../source/gui/container.h" />
		<Unit filename="../../source/gui/dimensions.cpp" />
		<Unit filename="../../source/gui/dimensions.h" />
		<Unit filename="../../source/gui/directdrawrectangle.cpp" />
		<Unit filename="../../source/gui/directdrawrectangle.h" />
		<Unit filename="../../source/gui/draggablerenderrectangle.cpp" />
		<Unit filename="../../source/gui/draggablerenderrectangle.h" />
		<Unit filename="../../source/gui/event.cpp" />
		<Unit filename="../../source/gui/event.h" />
		<Unit filename="../../source/gui/eventlistener.cpp" />
		<Unit filename="../../source/gui/eventlistener.h" />
		<Unit filename="../../source/gui/focusevent.cpp" />
		<Unit filename="../../source/gui/focusevent.h" />
		<Unit filename="../../source/gui/focuslistener.cpp" />
		<Unit filename="../../source/gui/focuslistener.h" />
		<Unit filename="../../source/gui/focusmanager.cpp" />
		<Unit filename="../../source/gui/focusmanager.h" />
		<Unit filename="../../source/gui/formattedlabel.cpp" />
		<Unit filename="../../source/gui/formattedlabel.h" />
		<Unit filename="../../source/gui/guiwindow.cpp" />
		<Unit filename="../../source/gui/guiwindow.h" />
		<Unit filename="../../source/gui/guiwindowclosebutton.cpp" />
		<Unit filename="../../source/gui/guiwindowclosebutton.h" />
		<Unit filename="../../source/gui/guiwindowminimizebutton.cpp" />
		<Unit filename="../../source/gui/guiwindowminimizebutton.h" />
		<Unit filename="../../source/gui/icon.cpp" />
		<Unit filename="../../source/gui/icon.h" />
		<Unit filename="../../source/gui/keyevent.cpp" />
		<Unit filename="../../source/gui/keyevent.h" />
		<Unit filename="../../source/gui/keylistener.cpp" />
		<Unit filename="../../source/gui/keylistener.h" />
		<Unit filename="../../source/gui/label.cpp" />
		<Unit filename="../../source/gui/label.h" />
		<Unit filename="../../source/gui/menu.cpp" />
		<Unit filename="../../source/gui/menu.h" />
		<Unit filename="../../source/gui/menubar.cpp" />
		<Unit filename="../../source/gui/menubar.h" />
		<Unit filename="../../source/gui/menuitem.cpp" />
		<Unit filename="../../source/gui/menuitem.h" />
		<Unit filename="../../source/gui/mouseevent.cpp" />
		<Unit filename="../../source/gui/mouseevent.h" />
		<Unit filename="../../source/gui/mouselistener.cpp" />
		<Unit filename="../../source/gui/mouselistener.h" />
		<Unit filename="../../source/gui/multilinetextbox.cpp" />
		<Unit filename="../../source/gui/multilinetextbox.h" />
		<Unit filename="../../source/gui/multitextureicon.cpp" />
		<Unit filename="../../source/gui/multitextureicon.h" />
		<Unit filename="../../source/gui/openglgui.cpp" />
		<Unit filename="../../source/gui/openglgui.h" />
		<Unit filename="../../source/gui/optionbox.cpp" />
		<Unit filename="../../source/gui/optionbox.h" />
		<Unit filename="../../source/gui/optioncontroller.cpp" />
		<Unit filename="../../source/gui/optioncontroller.h" />
		<Unit filename="../../source/gui/point.cpp" />
		<Unit filename="../../source/gui/point.h" />
		<Unit filename="../../source/gui/progressbar.cpp" />
		<Unit filename="../../source/gui/progressbar.h" />
		<Unit filename="../../source/gui/pulldownmenu.cpp" />
		<Unit filename="../../source/gui/pulldownmenu.h" />
		<Unit filename="../../source/gui/renderrectangle.cpp" />
		<Unit filename="../../source/gui/renderrectangle.h" />
		<Unit filename="../../source/gui/scrollbar.cpp" />
		<Unit filename="../../source/gui/scrollbar.h" />
		<Unit filename="../../source/gui/selectionmanager.cpp" />
		<Unit filename="../../source/gui/selectionmanager.h" />
		<Unit filename="../../source/gui/slider.cpp" />
		<Unit filename="../../source/gui/slider.h" />
		<Unit filename="../../source/gui/textbox.cpp" />
		<Unit filename="../../source/gui/textbox.h" />
		<Unit filename="../../source/gui/titlebar.cpp" />
		<Unit filename="../../source/gui/titlebar.h" />
		<Unit filename="../../source/gui/treeview.h" />
		<Unit filename="../../source/lua/lapi.c">
			<Option compilerVar="CC" />
		</Unit>
		<Unit filename="../../source/lua/lapi.h" />
		<Unit filename="../../source/lua/lauxlib.c">
			<Option compilerVar="CC" />
		</Unit>
		<Unit filename="../../source/lua/lauxlib.h" />
		<Unit filename="../../source/lua/lbaselib.c">
			<Option compilerVar="CC" />
		</Unit>
		<Unit filename="../../source/lua/lbitlib.c">
			<Option compilerVar="CC" />
		</Unit>
		<Unit filename="../../source/lua/lcode.c">
			<Option compilerVar="CC" />
		</Unit>
		<Unit filename="../../source/lua/lcode.h" />
		<Unit filename="../../source/lua/lcorolib.c">
			<Option compilerVar="CC" />
		</Unit>
		<Unit filename="../../source/lua/lctype.c">
			<Option compilerVar="CC" />
		</Unit>
		<Unit filename="../../source/lua/lctype.h" />
		<Unit filename="../../source/lua/ldblib.c">
			<Option compilerVar="CC" />
		</Unit>
		<Unit filename="../../source/lua/ldebug.c">
			<Option compilerVar="CC" />
		</Unit>
		<Unit filename="../../source/lua/ldebug.h" />
		<Unit filename="../../source/lua/ldo.c">
			<Option compilerVar="CC" />
		</Unit>
		<Unit filename="../../source/lua/ldo.h" />
		<Unit filename="../../source/lua/ldump.c">
			<Option compilerVar="CC" />
		</Unit>
		<Unit filename="../../source/lua/lfunc.c">
			<Option compilerVar="CC" />
		</Unit>
		<Unit filename="../../source/lua/lfunc.h" />
		<Unit filename="../../source/lua/lgc.c">
			<Option compilerVar="CC" />
		</Unit>
		<Unit filename="../../source/lua/lgc.h" />
		<Unit filename="../../source/lua/linit.c">
			<Option compilerVar="CC" />
		</Unit>
		<Unit filename="../../source/lua/liolib.c">
			<Option compilerVar="CC" />
		</Unit>
		<Unit filename="../../source/lua/llex.c">
			<Option compilerVar="CC" />
		</Unit>
		<Unit filename="../../source/lua/llex.h" />
		<Unit filename="../../source/lua/llimits.h" />
		<Unit filename="../../source/lua/lmathlib.c">
			<Option compilerVar="CC" />
		</Unit>
		<Unit filename="../../source/lua/lmem.c">
			<Option compilerVar="CC" />
		</Unit>
		<Unit filename="../../source/lua/lmem.h" />
		<Unit filename="../../source/lua/loadlib.c">
			<Option compilerVar="CC" />
		</Unit>
		<Unit filename="../../source/lua/lobject.c">
			<Option compilerVar="CC" />
		</Unit>
		<Unit filename="../../source/lua/lobject.h" />
		<Unit filename="../../source/lua/lopcodes.c">
			<Option compilerVar="CC" />
		</Unit>
		<Unit filename="../../source/lua/lopcodes.h" />
		<Unit filename="../../source/lua/loslib.c">
			<Option compilerVar="CC" />
		</Unit>
		<Unit filename="../../source/lua/lparser.c">
			<Option compilerVar="CC" />
		</Unit>
		<Unit filename="../../source/lua/lparser.h" />
		<Unit filename="../../source/lua/lprefix.h" />
		<Unit filename="../../source/lua/lstate.c">
			<Option compilerVar="CC" />
		</Unit>
		<Unit filename="../../source/lua/lstate.h" />
		<Unit filename="../../source/lua/lstring.c">
			<Option compilerVar="CC" />
		</Unit>
		<Unit filename="../../source/lua/lstring.h" />
		<Unit filename="../../source/lua/lstrlib.c">
			<Option compilerVar="CC" />
		</Unit>
		<Unit filename="../../source/lua/ltable.c">
			<Option compilerVar="CC" />
		</Unit>
		<Unit filename="../../source/lua/ltable.h" />
		<Unit filename="../../source/lua/ltablib.c">
			<Option compilerVar="CC" />
		</Unit>
		<Unit filename="../../source/lua/ltm.c">
			<Option compilerVar="CC" />
		</Unit>
		<Unit filename="../../source/lua/ltm.h" />
		<Unit filename="../../source/lua/lua.h" />
		<Unit filename="../../source/lua/lua.hpp" />
		<Unit filename="../../source/lua/luaconf.h" />
		<Unit filename="../../source/lua/lualib.h" />
		<Unit filename="../../source/lua/lundump.c">
			<Option compilerVar="CC" />
		</Unit>
		<Unit filename="../../source/lua/lundump.h" />
		<Unit filename="../../source/lua/lutf8lib.c">
			<Option compilerVar="CC" />
		</Unit>
		<Unit filename="../../source/lua/lvm.c">
			<Option compilerVar="CC" />
		</Unit>
		<Unit filename="../../source/lua/lvm.h" />
		<Unit filename="../../source/lua/lzio.c">
			<Option compilerVar="CC" />
		</Unit>
		<Unit filename="../../source/lua/lzio.h" />
		<Unit filename="../../source/main.cpp" />
		<Unit filename="../../source/models/BoundingBox.cpp" />
		<Unit filename="../../source/models/BoundingBox.h" />
		<Unit filename="../../source/models/MS3DAnimator.cpp" />
		<Unit filename="../../source/models/MS3DAnimator.h" />
		<Unit filename="../../source/models/MS3DModel.cpp" />
		<Unit filename="../../source/models/MS3DModel.h" />
		<Unit filename="../../source/models/OBJModel.h" />
		<Unit filename="../../source/models/QubicleBinary.cpp" />
		<Unit filename="../../source/models/QubicleBinary.h" />
		<Unit filename="../../source/models/QubicleBinaryManager.cpp" />
		<Unit filename="../../source/models/QubicleBinaryManager.h" />
		<Unit filename="../../source/models/VoxelCharacter.cpp" />
		<Unit filename="../../source/models/VoxelCharacter.h" />
		<Unit filename="../../source/models/VoxelObject.cpp" />
		<Unit filename="../../source/models/VoxelObject.h" />
		<Unit filename="../../source/models/VoxelWeapon.cpp" />
		<Unit filename="../../source/models/VoxelWeapon.h" />
		<Unit filename="../../source/models/modelloader.h" />
		<Unit filename="../../source/models/objmodel.cpp" />
		<Unit filename="../../source/selene/selene.h" />
		<Unit filename="../../source/selene/selene/BaseFun.h" />
		<Unit filename="../../source/selene/selene/Class.h" />
		<Unit filename="../../source/selene/selene/ClassFun.h" />
		<Unit filename="../../source/selene/selene/Ctor.h" />
		<Unit filename="../../source/selene/selene/Dtor.h" />
		<Unit filename="../../source/selene/selene/Fun.h" />
		<Unit filename="../../source/selene/selene/LuaName.h" />
		<Unit filename="../../source/selene/selene/LuaRef.h" />
		<Unit filename="../../source/selene/selene/MetatableRegistry.h" />
		<Unit filename="../../source/selene/selene/Obj.h" />
		<Unit filename="../../source/selene/selene/ObjFun.h" />
		<Unit filename="../../source/selene/selene/Registry.h" />
		<Unit filename="../../source/selene/selene/ResourceHandler.h" />
		<Unit filename="../../source/selene/selene/Selector.h" />
		<Unit filename="../../source/selene/selene/State.h" />
		<Unit filename="../../source/selene/selene/Tuple.h" />
		<Unit filename="../../source/selene/selene/exception.h" />
		<Unit filename="../../source/selene/selene/exotics.h" />
		<Unit filename="../../source/selene/selene/function.h" />
		<Unit filename="../../source/selene/selene/primitives.h" />
		<Unit filename="../../source/selene/selene/traits.h" />
		<Unit filename="../../source/selene/selene/util.h" />
		<Unit filename="../../source/utils/CountdownTimer.cpp" />
		<Unit filename="../../source/utils/CountdownTimer.h" />
		<Unit filename="../../source/utils/FileUtils.cpp" />
		<Unit filename="../../source/utils/FileUtils.h" />
		<Unit filename="../../source/utils/Interpolator.cpp" />
		<Unit filename="../../source/utils/Interpolator.h" />
		<Unit filename="../../source/utils/Random.h" />
		<Unit filename="../../source/utils/TimeManager.cpp" />
		<Unit filename="../../source/utils/TimeManager.h" />
		<Extensions>
			<code_completion />
			<debugger>
				<search_path add="../../" />
			</debugger>
		</Extensions>
	</Project>
</CodeBlocks_project_file>
